
Microsoft Visual Studio Solution File, Format Version 12.00
# Visual Studio Version 17
VisualStudioVersion = 17.0.31903.59
MinimumVisualStudioVersion = 10.0.40219.1
Project("{FAE04EC0-301F-11D3-BF4B-00C04F79EFBC}") = "Infiniminer.Server", "Infiniminer.Server\Infiniminer.Server.csproj", "{EC49B9A7-6552-4D8B-B4E8-B96BEBF2CF8D}"
EndProject
Project("{FAE04EC0-301F-11D3-BF4B-00C04F79EFBC}") = "Infiniminer.Shared", "Infiniminer.Shared\Infiniminer.Shared.csproj", "{93F635FF-83C3-4D03-A638-071F4976EE43}"
EndProject
Project("{FAE04EC0-301F-11D3-BF4B-00C04F79EFBC}") = "Infiniminer.Client.DesktopGL", "Infiniminer.Client.DesktopGL\Infiniminer.Client.DesktopGL.csproj", "{5B6655C2-9965-42D6-B342-212C860B9D62}"
EndProject
Project("{FAE04EC0-301F-11D3-BF4B-00C04F79EFBC}") = "Infiniminer.Client.WindowsDX", "Infiniminer.Client.WindowsDX\Infiniminer.Client.WindowsDX.csproj", "{28D16744-DBCB-4450-93F8-A8EC8F437026}"
EndProject
Project("{FAE04EC0-301F-11D3-BF4B-00C04F79EFBC}") = "Infiniminer.Client.Shared", "Infiniminer.Client.Shared\Infiniminer.Client.Shared.csproj", "{AC5BE4D0-4310-47D8-94C0-943C0459BF80}"
EndProject
Global
	GlobalSection(SolutionConfigurationPlatforms) = preSolution
		Debug|Any CPU = Debug|Any CPU
		Release|Any CPU = Release|Any CPU
	EndGlobalSection
	GlobalSection(SolutionProperties) = preSolution
		HideSolutionNode = FALSE
	EndGlobalSection
	GlobalSection(ProjectConfigurationPlatforms) = postSolution
		{EC49B9A7-6552-4D8B-B4E8-B96BEBF2CF8D}.Debug|Any CPU.ActiveCfg = Debug|Any CPU
		{EC49B9A7-6552-4D8B-B4E8-B96BEBF2CF8D}.Debug|Any CPU.Build.0 = Debug|Any CPU
		{EC49B9A7-6552-4D8B-B4E8-B96BEBF2CF8D}.Release|Any CPU.ActiveCfg = Release|Any CPU
		{EC49B9A7-6552-4D8B-B4E8-B96BEBF2CF8D}.Release|Any CPU.Build.0 = Release|Any CPU
		{93F635FF-83C3-4D03-A638-071F4976EE43}.Debug|Any CPU.ActiveCfg = Debug|Any CPU
		{93F635FF-83C3-4D03-A638-071F4976EE43}.Debug|Any CPU.Build.0 = Debug|Any CPU
		{93F635FF-83C3-4D03-A638-071F4976EE43}.Release|Any CPU.ActiveCfg = Release|Any CPU
		{93F635FF-83C3-4D03-A638-071F4976EE43}.Release|Any CPU.Build.0 = Release|Any CPU
		{5B6655C2-9965-42D6-B342-212C860B9D62}.Debug|Any CPU.ActiveCfg = Debug|Any CPU
		{5B6655C2-9965-42D6-B342-212C860B9D62}.Debug|Any CPU.Build.0 = Debug|Any CPU
		{5B6655C2-9965-42D6-B342-212C860B9D62}.Release|Any CPU.ActiveCfg = Release|Any CPU
		{5B6655C2-9965-42D6-B342-212C860B9D62}.Release|Any CPU.Build.0 = Release|Any CPU
		{28D16744-DBCB-4450-93F8-A8EC8F437026}.Debug|Any CPU.ActiveCfg = Debug|Any CPU
		{28D16744-DBCB-4450-93F8-A8EC8F437026}.Debug|Any CPU.Build.0 = Debug|Any CPU
		{28D16744-DBCB-4450-93F8-A8EC8F437026}.Release|Any CPU.ActiveCfg = Release|Any CPU
		{28D16744-DBCB-4450-93F8-A8EC8F437026}.Release|Any CPU.Build.0 = Release|Any CPU
		{AC5BE4D0-4310-47D8-94C0-943C0459BF80}.Debug|Any CPU.ActiveCfg = Debug|Any CPU
		{AC5BE4D0-4310-47D8-94C0-943C0459BF80}.Debug|Any CPU.Build.0 = Debug|Any CPU
		{AC5BE4D0-4310-47D8-94C0-943C0459BF80}.Release|Any CPU.ActiveCfg = Release|Any CPU
		{AC5BE4D0-4310-47D8-94C0-943C0459BF80}.Release|Any CPU.Build.0 = Release|Any CPU
	EndGlobalSection
EndGlobal
