
Microsoft Visual Studio Solution File, Format Version 12.00
# Visual Studio Version 17
VisualStudioVersion = 17.0.31903.59
MinimumVisualStudioVersion = 10.0.40219.1
Project("{2150E333-8FDC-42A3-9474-1A3956D46DE8}") = "Infiniminer", "Infiniminer", "{6EAF3110-B7A4-414A-80AC-13AD549F95D7}"
EndProject
Project("{FAE04EC0-301F-11D3-BF4B-00C04F79EFBC}") = "Infiniminer.Client", "Infiniminer\Infiniminer.Client\Infiniminer.Client.csproj", "{6008460C-A21C-488E-B568-F4FC05039DB0}"
EndProject
Project("{FAE04EC0-301F-11D3-BF4B-00C04F79EFBC}") = "Infiniminer.Server", "Infiniminer\Infiniminer.Server\Infiniminer.Server.csproj", "{C7426E74-1DD3-4C83-80B7-B76D2242D27C}"
EndProject
Project("{2150E333-8FDC-42A3-9474-1A3956D46DE8}") = "Lidgren", "Lidgren", "{A90020D7-9F5A-4968-B9AE-EDB29C852EF6}"
EndProject
Project("{FAE04EC0-301F-11D3-BF4B-00C04F79EFBC}") = "Lidgren.Network", "Lidgren\Lidgren.Network\Lidgren.Network.csproj", "{1859C13A-E5CB-4341-8C77-BB5E5A8170B9}"
EndProject
Project("{FAE04EC0-301F-11D3-BF4B-00C04F79EFBC}") = "Lidgren.Network.Xna", "Lidgren\Lidgren.Network.Xna\Lidgren.Network.Xna.csproj", "{D4DE2095-1255-457D-A957-BC11617D4040}"
EndProject
Global
	GlobalSection(SolutionConfigurationPlatforms) = preSolution
		Debug|Any CPU = Debug|Any CPU
		Release|Any CPU = Release|Any CPU
	EndGlobalSection
	GlobalSection(SolutionProperties) = preSolution
		HideSolutionNode = FALSE
	EndGlobalSection
	GlobalSection(ProjectConfigurationPlatforms) = postSolution
		{6008460C-A21C-488E-B568-F4FC05039DB0}.Debug|Any CPU.ActiveCfg = Debug|Any CPU
		{6008460C-A21C-488E-B568-F4FC05039DB0}.Debug|Any CPU.Build.0 = Debug|Any CPU
		{6008460C-A21C-488E-B568-F4FC05039DB0}.Release|Any CPU.ActiveCfg = Release|Any CPU
		{6008460C-A21C-488E-B568-F4FC05039DB0}.Release|Any CPU.Build.0 = Release|Any CPU
		{C7426E74-1DD3-4C83-80B7-B76D2242D27C}.Debug|Any CPU.ActiveCfg = Debug|Any CPU
		{C7426E74-1DD3-4C83-80B7-B76D2242D27C}.Debug|Any CPU.Build.0 = Debug|Any CPU
		{C7426E74-1DD3-4C83-80B7-B76D2242D27C}.Release|Any CPU.ActiveCfg = Release|Any CPU
		{C7426E74-1DD3-4C83-80B7-B76D2242D27C}.Release|Any CPU.Build.0 = Release|Any CPU
		{1859C13A-E5CB-4341-8C77-BB5E5A8170B9}.Debug|Any CPU.ActiveCfg = Debug|Any CPU
		{1859C13A-E5CB-4341-8C77-BB5E5A8170B9}.Debug|Any CPU.Build.0 = Debug|Any CPU
		{1859C13A-E5CB-4341-8C77-BB5E5A8170B9}.Release|Any CPU.ActiveCfg = Release|Any CPU
		{1859C13A-E5CB-4341-8C77-BB5E5A8170B9}.Release|Any CPU.Build.0 = Release|Any CPU
		{D4DE2095-1255-457D-A957-BC11617D4040}.Debug|Any CPU.ActiveCfg = Debug|Any CPU
		{D4DE2095-1255-457D-A957-BC11617D4040}.Debug|Any CPU.Build.0 = Debug|Any CPU
		{D4DE2095-1255-457D-A957-BC11617D4040}.Release|Any CPU.ActiveCfg = Release|Any CPU
		{D4DE2095-1255-457D-A957-BC11617D4040}.Release|Any CPU.Build.0 = Release|Any CPU
	EndGlobalSection
	GlobalSection(NestedProjects) = preSolution
		{6008460C-A21C-488E-B568-F4FC05039DB0} = {6EAF3110-B7A4-414A-80AC-13AD549F95D7}
		{C7426E74-1DD3-4C83-80B7-B76D2242D27C} = {6EAF3110-B7A4-414A-80AC-13AD549F95D7}
		{1859C13A-E5CB-4341-8C77-BB5E5A8170B9} = {A90020D7-9F5A-4968-B9AE-EDB29C852EF6}
		{D4DE2095-1255-457D-A957-BC11617D4040} = {A90020D7-9F5A-4968-B9AE-EDB29C852EF6}
	EndGlobalSection
EndGlobal
