
Microsoft Visual Studio Solution File, Format Version 12.00
# Visual Studio Version 17
VisualStudioVersion = 17.0.31903.59
MinimumVisualStudioVersion = 10.0.40219.1
Project("{FAE04EC0-301F-11D3-BF4B-00C04F79EFBC}") = "Infiniminer.Client", "Infiniminer.Client\Infiniminer.Client.csproj", "{FC1CE76B-5B79-41F7-9511-D7C5DBBB61C3}"
EndProject
Project("{FAE04EC0-301F-11D3-BF4B-00C04F79EFBC}") = "Infiniminer.Server", "Infiniminer.Server\Infiniminer.Server.csproj", "{212D43A8-7296-439D-BB4D-ED61D1278301}"
EndProject
Global
	GlobalSection(SolutionConfigurationPlatforms) = preSolution
		Debug|Any CPU = Debug|Any CPU
		Release|Any CPU = Release|Any CPU
	EndGlobalSection
	GlobalSection(SolutionProperties) = preSolution
		HideSolutionNode = FALSE
	EndGlobalSection
	GlobalSection(ProjectConfigurationPlatforms) = postSolution
		{FC1CE76B-5B79-41F7-9511-D7C5DBBB61C3}.Debug|Any CPU.ActiveCfg = Debug|Any CPU
		{FC1CE76B-5B79-41F7-9511-D7C5DBBB61C3}.Debug|Any CPU.Build.0 = Debug|Any CPU
		{FC1CE76B-5B79-41F7-9511-D7C5DBBB61C3}.Release|Any CPU.ActiveCfg = Release|Any CPU
		{FC1CE76B-5B79-41F7-9511-D7C5DBBB61C3}.Release|Any CPU.Build.0 = Release|Any CPU
		{212D43A8-7296-439D-BB4D-ED61D1278301}.Debug|Any CPU.ActiveCfg = Debug|Any CPU
		{212D43A8-7296-439D-BB4D-ED61D1278301}.Debug|Any CPU.Build.0 = Debug|Any CPU
		{212D43A8-7296-439D-BB4D-ED61D1278301}.Release|Any CPU.ActiveCfg = Release|Any CPU
		{212D43A8-7296-439D-BB4D-ED61D1278301}.Release|Any CPU.Build.0 = Release|Any CPU
	EndGlobalSection
EndGlobal
