
Microsoft Visual Studio Solution File, Format Version 12.00
# Visual Studio Version 17
VisualStudioVersion = 17.0.31903.59
MinimumVisualStudioVersion = 10.0.40219.1
Project("{2150E333-8FDC-42A3-9474-1A3956D46DE8}") = "Infiniminer", "Infiniminer", "{27F428CC-7024-4FB9-BAEB-4C406A52DEEE}"
EndProject
Project("{FAE04EC0-301F-11D3-BF4B-00C04F79EFBC}") = "Infiniminer.Client.Shared.Kni", "Infiniminer\Infiniminer.Client.Shared\Infiniminer.Client.Shared.Kni.csproj", "{3372436B-3651-4F4F-BC54-B76A11E5D7F7}"
EndProject
Project("{FAE04EC0-301F-11D3-BF4B-00C04F79EFBC}") = "Infiniminer.Client.Kni.DesktopGL", "Infiniminer\Infiniminer.Client.DesktopGL\Infiniminer.Client.Kni.DesktopGL.csproj", "{75161366-CD03-4C69-B168-A5912E412728}"
EndProject
Project("{FAE04EC0-301F-11D3-BF4B-00C04F79EFBC}") = "Infiniminer.Client.Kni.WindowsDX", "Infiniminer\Infiniminer.Client.WindowsDX\Infiniminer.Client.Kni.WindowsDX.csproj", "{1C656713-B76A-414F-B567-CC6ED06270E2}"
EndProject
Project("{FAE04EC0-301F-11D3-BF4B-00C04F79EFBC}") = "Infiniminer.Client.Kni.OVR", "Infiniminer\Infiniminer.Client.OVR\Infiniminer.Client.Kni.OVR.csproj", "{58318DA0-88EF-4DD5-A270-9741700F74A6}"
EndProject
Project("{9A19103F-16F7-4668-BE54-9A1E7A4F7556}") = "Infiniminer.Server.Kni", "Infiniminer\Infiniminer.Server\Infiniminer.Server.Kni.csproj", "{293DB731-82FB-4FAC-A880-3E1789CCA14B}"
EndProject
Project("{FAE04EC0-301F-11D3-BF4B-00C04F79EFBC}") = "Infiniminer.Shared.Kni", "Infiniminer\Infiniminer.Shared\Infiniminer.Shared.Kni.csproj", "{B1A57D7A-2721-47C2-8CBD-FD75FA79D4A8}"
EndProject
Project("{2150E333-8FDC-42A3-9474-1A3956D46DE8}") = "Lidgren", "Lidgren", "{CBC0419A-0B41-486F-9D35-3885FD60738C}"
EndProject
Project("{FAE04EC0-301F-11D3-BF4B-00C04F79EFBC}") = "Lidgren.Network", "Lidgren\Lidgren.Network\Lidgren.Network.csproj", "{4AB33B12-15F8-4A62-A70B-815D31F256D0}"
EndProject
Project("{FAE04EC0-301F-11D3-BF4B-00C04F79EFBC}") = "Lidgren.Network.Xna.Kni", "Lidgren\Lidgren.Network.Xna\Lidgren.Network.Xna.Kni.csproj", "{EF75DE99-1347-4D3F-9D06-E81F162E920E}"
EndProject
Global
	GlobalSection(SolutionConfigurationPlatforms) = preSolution
		Debug|Any CPU = Debug|Any CPU
		Release|Any CPU = Release|Any CPU
	EndGlobalSection
	GlobalSection(SolutionProperties) = preSolution
		HideSolutionNode = FALSE
	EndGlobalSection
	GlobalSection(ProjectConfigurationPlatforms) = postSolution
		{3372436B-3651-4F4F-BC54-B76A11E5D7F7}.Debug|Any CPU.ActiveCfg = Debug|Any CPU
		{3372436B-3651-4F4F-BC54-B76A11E5D7F7}.Debug|Any CPU.Build.0 = Debug|Any CPU
		{3372436B-3651-4F4F-BC54-B76A11E5D7F7}.Release|Any CPU.ActiveCfg = Release|Any CPU
		{3372436B-3651-4F4F-BC54-B76A11E5D7F7}.Release|Any CPU.Build.0 = Release|Any CPU
		{75161366-CD03-4C69-B168-A5912E412728}.Debug|Any CPU.ActiveCfg = Debug|Any CPU
		{75161366-CD03-4C69-B168-A5912E412728}.Debug|Any CPU.Build.0 = Debug|Any CPU
		{75161366-CD03-4C69-B168-A5912E412728}.Release|Any CPU.ActiveCfg = Release|Any CPU
		{75161366-CD03-4C69-B168-A5912E412728}.Release|Any CPU.Build.0 = Release|Any CPU
		{1C656713-B76A-414F-B567-CC6ED06270E2}.Debug|Any CPU.ActiveCfg = Debug|Any CPU
		{1C656713-B76A-414F-B567-CC6ED06270E2}.Debug|Any CPU.Build.0 = Debug|Any CPU
		{1C656713-B76A-414F-B567-CC6ED06270E2}.Release|Any CPU.ActiveCfg = Release|Any CPU
		{1C656713-B76A-414F-B567-CC6ED06270E2}.Release|Any CPU.Build.0 = Release|Any CPU
		{58318DA0-88EF-4DD5-A270-9741700F74A6}.Debug|Any CPU.ActiveCfg = Debug|Any CPU
		{58318DA0-88EF-4DD5-A270-9741700F74A6}.Debug|Any CPU.Build.0 = Debug|Any CPU
		{58318DA0-88EF-4DD5-A270-9741700F74A6}.Release|Any CPU.ActiveCfg = Release|Any CPU
		{58318DA0-88EF-4DD5-A270-9741700F74A6}.Release|Any CPU.Build.0 = Release|Any CPU
		{293DB731-82FB-4FAC-A880-3E1789CCA14B}.Debug|Any CPU.ActiveCfg = Debug|Any CPU
		{293DB731-82FB-4FAC-A880-3E1789CCA14B}.Debug|Any CPU.Build.0 = Debug|Any CPU
		{293DB731-82FB-4FAC-A880-3E1789CCA14B}.Release|Any CPU.ActiveCfg = Release|Any CPU
		{293DB731-82FB-4FAC-A880-3E1789CCA14B}.Release|Any CPU.Build.0 = Release|Any CPU
		{B1A57D7A-2721-47C2-8CBD-FD75FA79D4A8}.Debug|Any CPU.ActiveCfg = Debug|Any CPU
		{B1A57D7A-2721-47C2-8CBD-FD75FA79D4A8}.Debug|Any CPU.Build.0 = Debug|Any CPU
		{B1A57D7A-2721-47C2-8CBD-FD75FA79D4A8}.Release|Any CPU.ActiveCfg = Release|Any CPU
		{B1A57D7A-2721-47C2-8CBD-FD75FA79D4A8}.Release|Any CPU.Build.0 = Release|Any CPU
		{4AB33B12-15F8-4A62-A70B-815D31F256D0}.Debug|Any CPU.ActiveCfg = Debug|Any CPU
		{4AB33B12-15F8-4A62-A70B-815D31F256D0}.Debug|Any CPU.Build.0 = Debug|Any CPU
		{4AB33B12-15F8-4A62-A70B-815D31F256D0}.Release|Any CPU.ActiveCfg = Release|Any CPU
		{4AB33B12-15F8-4A62-A70B-815D31F256D0}.Release|Any CPU.Build.0 = Release|Any CPU
		{EF75DE99-1347-4D3F-9D06-E81F162E920E}.Debug|Any CPU.ActiveCfg = Debug|Any CPU
		{EF75DE99-1347-4D3F-9D06-E81F162E920E}.Debug|Any CPU.Build.0 = Debug|Any CPU
		{EF75DE99-1347-4D3F-9D06-E81F162E920E}.Release|Any CPU.ActiveCfg = Release|Any CPU
		{EF75DE99-1347-4D3F-9D06-E81F162E920E}.Release|Any CPU.Build.0 = Release|Any CPU
	EndGlobalSection
	GlobalSection(NestedProjects) = preSolution
		{3372436B-3651-4F4F-BC54-B76A11E5D7F7} = {27F428CC-7024-4FB9-BAEB-4C406A52DEEE}
		{75161366-CD03-4C69-B168-A5912E412728} = {27F428CC-7024-4FB9-BAEB-4C406A52DEEE}
		{1C656713-B76A-414F-B567-CC6ED06270E2} = {27F428CC-7024-4FB9-BAEB-4C406A52DEEE}
		{58318DA0-88EF-4DD5-A270-9741700F74A6} = {27F428CC-7024-4FB9-BAEB-4C406A52DEEE}
		{293DB731-82FB-4FAC-A880-3E1789CCA14B} = {27F428CC-7024-4FB9-BAEB-4C406A52DEEE}
		{B1A57D7A-2721-47C2-8CBD-FD75FA79D4A8} = {27F428CC-7024-4FB9-BAEB-4C406A52DEEE}
		{4AB33B12-15F8-4A62-A70B-815D31F256D0} = {CBC0419A-0B41-486F-9D35-3885FD60738C}
		{EF75DE99-1347-4D3F-9D06-E81F162E920E} = {CBC0419A-0B41-486F-9D35-3885FD60738C}
	EndGlobalSection
EndGlobal
